// !$*UTF8*$!
{
	archiveVersion = 1;
	classes = {
	};
	objectVersion = 50;
	objects = {

/* Begin PBXBuildFile section */
		1419A53A2263D6AC00704CF0 /* AppDelegate.swift in Sources */ = {isa = PBXBuildFile; fileRef = 1419A5392263D6AC00704CF0 /* AppDelegate.swift */; };
		1419A53C2263D6AC00704CF0 /* IngredientSearchViewController.swift in Sources */ = {isa = PBXBuildFile; fileRef = 1419A53B2263D6AC00704CF0 /* IngredientSearchViewController.swift */; };
		1419A53F2263D6AC00704CF0 /* Main.storyboard in Resources */ = {isa = PBXBuildFile; fileRef = 1419A53D2263D6AC00704CF0 /* Main.storyboard */; };
		1419A5412263D6AD00704CF0 /* Assets.xcassets in Resources */ = {isa = PBXBuildFile; fileRef = 1419A5402263D6AD00704CF0 /* Assets.xcassets */; };
		1419A5442263D6AD00704CF0 /* LaunchScreen.storyboard in Resources */ = {isa = PBXBuildFile; fileRef = 1419A5422263D6AD00704CF0 /* LaunchScreen.storyboard */; };
		1419A54F2263D92000704CF0 /* ResultSearchTableView.swift in Sources */ = {isa = PBXBuildFile; fileRef = 1419A54E2263D92000704CF0 /* ResultSearchTableView.swift */; };
		1419A5512263D99100704CF0 /* FavoriteTableView.swift in Sources */ = {isa = PBXBuildFile; fileRef = 1419A5502263D99100704CF0 /* FavoriteTableView.swift */; };
		1419A5532263D9FC00704CF0 /* RecipeViewController.swift in Sources */ = {isa = PBXBuildFile; fileRef = 1419A5522263D9FC00704CF0 /* RecipeViewController.swift */; };
		143DC3CA22650CEC00F711E8 /* Ingredients.swift in Sources */ = {isa = PBXBuildFile; fileRef = 143DC3C922650CEC00F711E8 /* Ingredients.swift */; };
		1470D6C62267751800882EA8 /* CategoryFavoriteTableViewController.swift in Sources */ = {isa = PBXBuildFile; fileRef = 1470D6C52267751800882EA8 /* CategoryFavoriteTableViewController.swift */; };
		1470D6E722677BE200882EA8 /* DataModel.xcdatamodeld in Sources */ = {isa = PBXBuildFile; fileRef = 1470D6E522677BE200882EA8 /* DataModel.xcdatamodeld */; };
		1473A7DC2269096500489407 /* IngredientsTest.swift in Sources */ = {isa = PBXBuildFile; fileRef = 1473A7DB2269096500489407 /* IngredientsTest.swift */; };
		1476011F2269172B00C8E612 /* ApiKeys.plist in Resources */ = {isa = PBXBuildFile; fileRef = 1476011E2269172B00C8E612 /* ApiKeys.plist */; };
		14760121226917BE00C8E612 /* ApiKeys.swift in Sources */ = {isa = PBXBuildFile; fileRef = 14760120226917BE00C8E612 /* ApiKeys.swift */; };
		14760123226918E200C8E612 /* Recipe.swift in Sources */ = {isa = PBXBuildFile; fileRef = 14760122226918E200C8E612 /* Recipe.swift */; };
		14760129226919AF00C8E612 /* YummlyProtocol.swift in Sources */ = {isa = PBXBuildFile; fileRef = 14760128226919AF00C8E612 /* YummlyProtocol.swift */; };
		1476012B22691A1600C8E612 /* YummlySession.swift in Sources */ = {isa = PBXBuildFile; fileRef = 1476012A22691A1600C8E612 /* YummlySession.swift */; };
		1476012D22691A6400C8E612 /* YummlyService.swift in Sources */ = {isa = PBXBuildFile; fileRef = 1476012C22691A6400C8E612 /* YummlyService.swift */; };
		14D8A8A8226A2B7100C16C19 /* FakeResponse.swift in Sources */ = {isa = PBXBuildFile; fileRef = 14D8A8A7226A2B7100C16C19 /* FakeResponse.swift */; };
		14D8A8AA226A2B9A00C16C19 /* FakeResponseData.swift in Sources */ = {isa = PBXBuildFile; fileRef = 14D8A8A9226A2B9A00C16C19 /* FakeResponseData.swift */; };
		14D8A8AC226A2BF500C16C19 /* Recipes.json in Resources */ = {isa = PBXBuildFile; fileRef = 14D8A8AB226A2BF500C16C19 /* Recipes.json */; };
		14D8A8AE226A2C5500C16C19 /* YummlySessionFake.swift in Sources */ = {isa = PBXBuildFile; fileRef = 14D8A8AD226A2C5500C16C19 /* YummlySessionFake.swift */; };
		14D8A8B0226A2DB900C16C19 /* YummlyServiceTest.swift in Sources */ = {isa = PBXBuildFile; fileRef = 14D8A8AF226A2DB900C16C19 /* YummlyServiceTest.swift */; };
		35F47BB51DDD0939A7F6346E /* Pods_Reciplease.framework in Frameworks */ = {isa = PBXBuildFile; fileRef = 59EF813D6CD27F8ED32715B3 /* Pods_Reciplease.framework */; };
		C46E8929DF3482242B9963EB /* Pods_RecipleaseTests.framework in Frameworks */ = {isa = PBXBuildFile; fileRef = E3CC52A2A2AEFF233188A885 /* Pods_RecipleaseTests.framework */; };
/* End PBXBuildFile section */

/* Begin PBXContainerItemProxy section */
		1473A7D6226908ED00489407 /* PBXContainerItemProxy */ = {
			isa = PBXContainerItemProxy;
			containerPortal = 1419A52E2263D6AC00704CF0 /* Project object */;
			proxyType = 1;
			remoteGlobalIDString = 1419A5352263D6AC00704CF0;
			remoteInfo = Reciplease;
		};
/* End PBXContainerItemProxy section */

/* Begin PBXFileReference section */
		1411B1E4EF9E758B7EE02AA7 /* Pods-Reciplease.release.xcconfig */ = {isa = PBXFileReference; includeInIndex = 1; lastKnownFileType = text.xcconfig; name = "Pods-Reciplease.release.xcconfig"; path = "Target Support Files/Pods-Reciplease/Pods-Reciplease.release.xcconfig"; sourceTree = "<group>"; };
		1419A5362263D6AC00704CF0 /* Reciplease.app */ = {isa = PBXFileReference; explicitFileType = wrapper.application; includeInIndex = 0; path = Reciplease.app; sourceTree = BUILT_PRODUCTS_DIR; };
		1419A5392263D6AC00704CF0 /* AppDelegate.swift */ = {isa = PBXFileReference; lastKnownFileType = sourcecode.swift; path = AppDelegate.swift; sourceTree = "<group>"; };
		1419A53B2263D6AC00704CF0 /* IngredientSearchViewController.swift */ = {isa = PBXFileReference; lastKnownFileType = sourcecode.swift; path = IngredientSearchViewController.swift; sourceTree = "<group>"; };
		1419A53E2263D6AC00704CF0 /* Base */ = {isa = PBXFileReference; lastKnownFileType = file.storyboard; name = Base; path = Base.lproj/Main.storyboard; sourceTree = "<group>"; };
		1419A5402263D6AD00704CF0 /* Assets.xcassets */ = {isa = PBXFileReference; lastKnownFileType = folder.assetcatalog; path = Assets.xcassets; sourceTree = "<group>"; };
		1419A5432263D6AD00704CF0 /* Base */ = {isa = PBXFileReference; lastKnownFileType = file.storyboard; name = Base; path = Base.lproj/LaunchScreen.storyboard; sourceTree = "<group>"; };
		1419A5452263D6AD00704CF0 /* Info.plist */ = {isa = PBXFileReference; lastKnownFileType = text.plist.xml; path = Info.plist; sourceTree = "<group>"; };
		1419A54E2263D92000704CF0 /* ResultSearchTableView.swift */ = {isa = PBXFileReference; lastKnownFileType = sourcecode.swift; path = ResultSearchTableView.swift; sourceTree = "<group>"; };
		1419A5502263D99100704CF0 /* FavoriteTableView.swift */ = {isa = PBXFileReference; lastKnownFileType = sourcecode.swift; path = FavoriteTableView.swift; sourceTree = "<group>"; };
		1419A5522263D9FC00704CF0 /* RecipeViewController.swift */ = {isa = PBXFileReference; lastKnownFileType = sourcecode.swift; path = RecipeViewController.swift; sourceTree = "<group>"; };
		143DC3C922650CEC00F711E8 /* Ingredients.swift */ = {isa = PBXFileReference; lastKnownFileType = sourcecode.swift; path = Ingredients.swift; sourceTree = "<group>"; };
		1470D6C52267751800882EA8 /* CategoryFavoriteTableViewController.swift */ = {isa = PBXFileReference; lastKnownFileType = sourcecode.swift; path = CategoryFavoriteTableViewController.swift; sourceTree = "<group>"; };
		1470D6E622677BE200882EA8 /* DataModel.xcdatamodel */ = {isa = PBXFileReference; lastKnownFileType = wrapper.xcdatamodel; path = DataModel.xcdatamodel; sourceTree = "<group>"; };
		1473A7D1226908ED00489407 /* RecipleaseTests.xctest */ = {isa = PBXFileReference; explicitFileType = wrapper.cfbundle; includeInIndex = 0; path = RecipleaseTests.xctest; sourceTree = BUILT_PRODUCTS_DIR; };
		1473A7D5226908ED00489407 /* Info.plist */ = {isa = PBXFileReference; lastKnownFileType = text.plist.xml; path = Info.plist; sourceTree = "<group>"; };
		1473A7DB2269096500489407 /* IngredientsTest.swift */ = {isa = PBXFileReference; lastKnownFileType = sourcecode.swift; path = IngredientsTest.swift; sourceTree = "<group>"; };
		1476011E2269172B00C8E612 /* ApiKeys.plist */ = {isa = PBXFileReference; fileEncoding = 4; lastKnownFileType = text.plist.xml; path = ApiKeys.plist; sourceTree = "<group>"; };
		14760120226917BE00C8E612 /* ApiKeys.swift */ = {isa = PBXFileReference; fileEncoding = 4; lastKnownFileType = sourcecode.swift; path = ApiKeys.swift; sourceTree = "<group>"; };
		14760122226918E200C8E612 /* Recipe.swift */ = {isa = PBXFileReference; lastKnownFileType = sourcecode.swift; path = Recipe.swift; sourceTree = "<group>"; };
		14760128226919AF00C8E612 /* YummlyProtocol.swift */ = {isa = PBXFileReference; lastKnownFileType = sourcecode.swift; path = YummlyProtocol.swift; sourceTree = "<group>"; };
		1476012A22691A1600C8E612 /* YummlySession.swift */ = {isa = PBXFileReference; lastKnownFileType = sourcecode.swift; path = YummlySession.swift; sourceTree = "<group>"; };
		1476012C22691A6400C8E612 /* YummlyService.swift */ = {isa = PBXFileReference; lastKnownFileType = sourcecode.swift; path = YummlyService.swift; sourceTree = "<group>"; };
		14D8A8A7226A2B7100C16C19 /* FakeResponse.swift */ = {isa = PBXFileReference; lastKnownFileType = sourcecode.swift; path = FakeResponse.swift; sourceTree = "<group>"; };
		14D8A8A9226A2B9A00C16C19 /* FakeResponseData.swift */ = {isa = PBXFileReference; lastKnownFileType = sourcecode.swift; path = FakeResponseData.swift; sourceTree = "<group>"; };
		14D8A8AB226A2BF500C16C19 /* Recipes.json */ = {isa = PBXFileReference; lastKnownFileType = text.json; path = Recipes.json; sourceTree = "<group>"; };
		14D8A8AD226A2C5500C16C19 /* YummlySessionFake.swift */ = {isa = PBXFileReference; lastKnownFileType = sourcecode.swift; path = YummlySessionFake.swift; sourceTree = "<group>"; };
		14D8A8AF226A2DB900C16C19 /* YummlyServiceTest.swift */ = {isa = PBXFileReference; lastKnownFileType = sourcecode.swift; path = YummlyServiceTest.swift; sourceTree = "<group>"; };
		59EF813D6CD27F8ED32715B3 /* Pods_Reciplease.framework */ = {isa = PBXFileReference; explicitFileType = wrapper.framework; includeInIndex = 0; path = Pods_Reciplease.framework; sourceTree = BUILT_PRODUCTS_DIR; };
		AD825B613CB48E54BDC20181 /* Pods-RecipleaseTests.release.xcconfig */ = {isa = PBXFileReference; includeInIndex = 1; lastKnownFileType = text.xcconfig; name = "Pods-RecipleaseTests.release.xcconfig"; path = "Target Support Files/Pods-RecipleaseTests/Pods-RecipleaseTests.release.xcconfig"; sourceTree = "<group>"; };
		E323E271F932836DEDCB340C /* Pods-RecipleaseTests.debug.xcconfig */ = {isa = PBXFileReference; includeInIndex = 1; lastKnownFileType = text.xcconfig; name = "Pods-RecipleaseTests.debug.xcconfig"; path = "Target Support Files/Pods-RecipleaseTests/Pods-RecipleaseTests.debug.xcconfig"; sourceTree = "<group>"; };
		E3CC52A2A2AEFF233188A885 /* Pods_RecipleaseTests.framework */ = {isa = PBXFileReference; explicitFileType = wrapper.framework; includeInIndex = 0; path = Pods_RecipleaseTests.framework; sourceTree = BUILT_PRODUCTS_DIR; };
		F05EE1BDD1E62118F49BC5D6 /* Pods-Reciplease.debug.xcconfig */ = {isa = PBXFileReference; includeInIndex = 1; lastKnownFileType = text.xcconfig; name = "Pods-Reciplease.debug.xcconfig"; path = "Target Support Files/Pods-Reciplease/Pods-Reciplease.debug.xcconfig"; sourceTree = "<group>"; };
/* End PBXFileReference section */

/* Begin PBXFrameworksBuildPhase section */
		1419A5332263D6AC00704CF0 /* Frameworks */ = {
			isa = PBXFrameworksBuildPhase;
			buildActionMask = 2147483647;
			files = (
				35F47BB51DDD0939A7F6346E /* Pods_Reciplease.framework in Frameworks */,
			);
			runOnlyForDeploymentPostprocessing = 0;
		};
		1473A7CE226908ED00489407 /* Frameworks */ = {
			isa = PBXFrameworksBuildPhase;
			buildActionMask = 2147483647;
			files = (
				C46E8929DF3482242B9963EB /* Pods_RecipleaseTests.framework in Frameworks */,
			);
			runOnlyForDeploymentPostprocessing = 0;
		};
/* End PBXFrameworksBuildPhase section */

/* Begin PBXGroup section */
		1419A52D2263D6AC00704CF0 = {
			isa = PBXGroup;
			children = (
				1419A5382263D6AC00704CF0 /* Reciplease */,
				1473A7D2226908ED00489407 /* RecipleaseTests */,
				1419A5372263D6AC00704CF0 /* Products */,
				4DCFE11CE7F0F716F9813C41 /* Pods */,
				E8D941B62FBA92ACCAEA4AF2 /* Frameworks */,
			);
			sourceTree = "<group>";
		};
		1419A5372263D6AC00704CF0 /* Products */ = {
			isa = PBXGroup;
			children = (
				1419A5362263D6AC00704CF0 /* Reciplease.app */,
				1473A7D1226908ED00489407 /* RecipleaseTests.xctest */,
			);
			name = Products;
			sourceTree = "<group>";
		};
		1419A5382263D6AC00704CF0 /* Reciplease */ = {
			isa = PBXGroup;
			children = (
				1419A54D2263D6DB00704CF0 /* Model */,
				1419A54C2263D6CA00704CF0 /* Controller */,
				1419A54B2263D6BB00704CF0 /* View */,
				1419A5392263D6AC00704CF0 /* AppDelegate.swift */,
				1419A5452263D6AD00704CF0 /* Info.plist */,
			);
			path = Reciplease;
			sourceTree = "<group>";
		};
		1419A54B2263D6BB00704CF0 /* View */ = {
			isa = PBXGroup;
			children = (
				1419A53D2263D6AC00704CF0 /* Main.storyboard */,
				1419A5402263D6AD00704CF0 /* Assets.xcassets */,
				1419A5422263D6AD00704CF0 /* LaunchScreen.storyboard */,
			);
			path = View;
			sourceTree = "<group>";
		};
		1419A54C2263D6CA00704CF0 /* Controller */ = {
			isa = PBXGroup;
			children = (
				1419A53B2263D6AC00704CF0 /* IngredientSearchViewController.swift */,
				1419A54E2263D92000704CF0 /* ResultSearchTableView.swift */,
				1419A5502263D99100704CF0 /* FavoriteTableView.swift */,
				1419A5522263D9FC00704CF0 /* RecipeViewController.swift */,
				1470D6C52267751800882EA8 /* CategoryFavoriteTableViewController.swift */,
			);
			path = Controller;
			sourceTree = "<group>";
		};
		1419A54D2263D6DB00704CF0 /* Model */ = {
			isa = PBXGroup;
			children = (
				1476011D2269150700C8E612 /* API Data */,
				1476011C226914EE00C8E612 /* DataModel */,
			);
			path = Model;
			sourceTree = "<group>";
		};
		1473A7D2226908ED00489407 /* RecipleaseTests */ = {
			isa = PBXGroup;
			children = (
				1473A7DB2269096500489407 /* IngredientsTest.swift */,
				14D8A8AF226A2DB900C16C19 /* YummlyServiceTest.swift */,
				14D8A8A6226A2B4200C16C19 /* AlamoFireTest */,
				1473A7D5226908ED00489407 /* Info.plist */,
			);
			path = RecipleaseTests;
			sourceTree = "<group>";
		};
		1476011C226914EE00C8E612 /* DataModel */ = {
			isa = PBXGroup;
			children = (
				143DC3C922650CEC00F711E8 /* Ingredients.swift */,
				1470D6E522677BE200882EA8 /* DataModel.xcdatamodeld */,
			);
			path = DataModel;
			sourceTree = "<group>";
		};
		1476011D2269150700C8E612 /* API Data */ = {
			isa = PBXGroup;
			children = (
				1476011E2269172B00C8E612 /* ApiKeys.plist */,
				14760120226917BE00C8E612 /* ApiKeys.swift */,
				14760122226918E200C8E612 /* Recipe.swift */,
				14760128226919AF00C8E612 /* YummlyProtocol.swift */,
				1476012A22691A1600C8E612 /* YummlySession.swift */,
				1476012C22691A6400C8E612 /* YummlyService.swift */,
			);
			name = "API Data";
			sourceTree = "<group>";
		};
		14D8A8A6226A2B4200C16C19 /* AlamoFireTest */ = {
			isa = PBXGroup;
			children = (
				14D8A8A7226A2B7100C16C19 /* FakeResponse.swift */,
				14D8A8A9226A2B9A00C16C19 /* FakeResponseData.swift */,
				14D8A8AB226A2BF500C16C19 /* Recipes.json */,
				14D8A8AD226A2C5500C16C19 /* YummlySessionFake.swift */,
			);
			path = AlamoFireTest;
			sourceTree = "<group>";
		};
		4DCFE11CE7F0F716F9813C41 /* Pods */ = {
			isa = PBXGroup;
			children = (
				F05EE1BDD1E62118F49BC5D6 /* Pods-Reciplease.debug.xcconfig */,
				1411B1E4EF9E758B7EE02AA7 /* Pods-Reciplease.release.xcconfig */,
				E323E271F932836DEDCB340C /* Pods-RecipleaseTests.debug.xcconfig */,
				AD825B613CB48E54BDC20181 /* Pods-RecipleaseTests.release.xcconfig */,
			);
			path = Pods;
			sourceTree = "<group>";
		};
		E8D941B62FBA92ACCAEA4AF2 /* Frameworks */ = {
			isa = PBXGroup;
			children = (
				59EF813D6CD27F8ED32715B3 /* Pods_Reciplease.framework */,
				E3CC52A2A2AEFF233188A885 /* Pods_RecipleaseTests.framework */,
			);
			name = Frameworks;
			sourceTree = "<group>";
		};
/* End PBXGroup section */

/* Begin PBXNativeTarget section */
		1419A5352263D6AC00704CF0 /* Reciplease */ = {
			isa = PBXNativeTarget;
			buildConfigurationList = 1419A5482263D6AD00704CF0 /* Build configuration list for PBXNativeTarget "Reciplease" */;
			buildPhases = (
				65BCB325F20D92769FB1F8DA /* [CP] Check Pods Manifest.lock */,
				1419A5322263D6AC00704CF0 /* Sources */,
				1419A5332263D6AC00704CF0 /* Frameworks */,
				1419A5342263D6AC00704CF0 /* Resources */,
				206CA933ED54F81C5545EB92 /* [CP] Embed Pods Frameworks */,
			);
			buildRules = (
			);
			dependencies = (
			);
			name = Reciplease;
			productName = Reciplease;
			productReference = 1419A5362263D6AC00704CF0 /* Reciplease.app */;
			productType = "com.apple.product-type.application";
		};
		1473A7D0226908ED00489407 /* RecipleaseTests */ = {
			isa = PBXNativeTarget;
			buildConfigurationList = 1473A7DA226908ED00489407 /* Build configuration list for PBXNativeTarget "RecipleaseTests" */;
			buildPhases = (
				CB0DA7BFA9AF184EA48A707C /* [CP] Check Pods Manifest.lock */,
				1473A7CD226908ED00489407 /* Sources */,
				1473A7CE226908ED00489407 /* Frameworks */,
				1473A7CF226908ED00489407 /* Resources */,
			);
			buildRules = (
			);
			dependencies = (
				1473A7D7226908ED00489407 /* PBXTargetDependency */,
			);
			name = RecipleaseTests;
			productName = RecipleaseTests;
			productReference = 1473A7D1226908ED00489407 /* RecipleaseTests.xctest */;
			productType = "com.apple.product-type.bundle.unit-test";
		};
/* End PBXNativeTarget section */

/* Begin PBXProject section */
		1419A52E2263D6AC00704CF0 /* Project object */ = {
			isa = PBXProject;
			attributes = {
				LastSwiftUpdateCheck = 1020;
				LastUpgradeCheck = 1020;
				ORGANIZATIONNAME = "Thomas Bouges";
				TargetAttributes = {
					1419A5352263D6AC00704CF0 = {
						CreatedOnToolsVersion = 10.2;
					};
					1473A7D0226908ED00489407 = {
						CreatedOnToolsVersion = 10.2.1;
						TestTargetID = 1419A5352263D6AC00704CF0;
					};
				};
			};
			buildConfigurationList = 1419A5312263D6AC00704CF0 /* Build configuration list for PBXProject "Reciplease" */;
			compatibilityVersion = "Xcode 9.3";
			developmentRegion = en;
			hasScannedForEncodings = 0;
			knownRegions = (
				en,
				Base,
			);
			mainGroup = 1419A52D2263D6AC00704CF0;
			productRefGroup = 1419A5372263D6AC00704CF0 /* Products */;
			projectDirPath = "";
			projectRoot = "";
			targets = (
				1419A5352263D6AC00704CF0 /* Reciplease */,
				1473A7D0226908ED00489407 /* RecipleaseTests */,
			);
		};
/* End PBXProject section */

/* Begin PBXResourcesBuildPhase section */
		1419A5342263D6AC00704CF0 /* Resources */ = {
			isa = PBXResourcesBuildPhase;
			buildActionMask = 2147483647;
			files = (
				1419A5442263D6AD00704CF0 /* LaunchScreen.storyboard in Resources */,
				1476011F2269172B00C8E612 /* ApiKeys.plist in Resources */,
				1419A5412263D6AD00704CF0 /* Assets.xcassets in Resources */,
				1419A53F2263D6AC00704CF0 /* Main.storyboard in Resources */,
			);
			runOnlyForDeploymentPostprocessing = 0;
		};
		1473A7CF226908ED00489407 /* Resources */ = {
			isa = PBXResourcesBuildPhase;
			buildActionMask = 2147483647;
			files = (
				14D8A8AC226A2BF500C16C19 /* Recipes.json in Resources */,
			);
			runOnlyForDeploymentPostprocessing = 0;
		};
/* End PBXResourcesBuildPhase section */

/* Begin PBXShellScriptBuildPhase section */
		206CA933ED54F81C5545EB92 /* [CP] Embed Pods Frameworks */ = {
			isa = PBXShellScriptBuildPhase;
			buildActionMask = 2147483647;
			files = (
			);
			inputFileListPaths = (
			);
			inputPaths = (
				"${PODS_ROOT}/Target Support Files/Pods-Reciplease/Pods-Reciplease-frameworks.sh",
				"${BUILT_PRODUCTS_DIR}/Alamofire/Alamofire.framework",
			);
			name = "[CP] Embed Pods Frameworks";
			outputFileListPaths = (
			);
			outputPaths = (
				"${TARGET_BUILD_DIR}/${FRAMEWORKS_FOLDER_PATH}/Alamofire.framework",
			);
			runOnlyForDeploymentPostprocessing = 0;
			shellPath = /bin/sh;
			shellScript = "\"${PODS_ROOT}/Target Support Files/Pods-Reciplease/Pods-Reciplease-frameworks.sh\"\n";
			showEnvVarsInLog = 0;
		};
		65BCB325F20D92769FB1F8DA /* [CP] Check Pods Manifest.lock */ = {
			isa = PBXShellScriptBuildPhase;
			buildActionMask = 2147483647;
			files = (
			);
			inputFileListPaths = (
			);
			inputPaths = (
				"${PODS_PODFILE_DIR_PATH}/Podfile.lock",
				"${PODS_ROOT}/Manifest.lock",
			);
			name = "[CP] Check Pods Manifest.lock";
			outputFileListPaths = (
			);
			outputPaths = (
				"$(DERIVED_FILE_DIR)/Pods-Reciplease-checkManifestLockResult.txt",
			);
			runOnlyForDeploymentPostprocessing = 0;
			shellPath = /bin/sh;
			shellScript = "diff \"${PODS_PODFILE_DIR_PATH}/Podfile.lock\" \"${PODS_ROOT}/Manifest.lock\" > /dev/null\nif [ $? != 0 ] ; then\n    # print error to STDERR\n    echo \"error: The sandbox is not in sync with the Podfile.lock. Run 'pod install' or update your CocoaPods installation.\" >&2\n    exit 1\nfi\n# This output is used by Xcode 'outputs' to avoid re-running this script phase.\necho \"SUCCESS\" > \"${SCRIPT_OUTPUT_FILE_0}\"\n";
			showEnvVarsInLog = 0;
		};
		CB0DA7BFA9AF184EA48A707C /* [CP] Check Pods Manifest.lock */ = {
			isa = PBXShellScriptBuildPhase;
			buildActionMask = 2147483647;
			files = (
			);
			inputFileListPaths = (
			);
			inputPaths = (
				"${PODS_PODFILE_DIR_PATH}/Podfile.lock",
				"${PODS_ROOT}/Manifest.lock",
			);
			name = "[CP] Check Pods Manifest.lock";
			outputFileListPaths = (
			);
			outputPaths = (
				"$(DERIVED_FILE_DIR)/Pods-RecipleaseTests-checkManifestLockResult.txt",
			);
			runOnlyForDeploymentPostprocessing = 0;
			shellPath = /bin/sh;
			shellScript = "diff \"${PODS_PODFILE_DIR_PATH}/Podfile.lock\" \"${PODS_ROOT}/Manifest.lock\" > /dev/null\nif [ $? != 0 ] ; then\n    # print error to STDERR\n    echo \"error: The sandbox is not in sync with the Podfile.lock. Run 'pod install' or update your CocoaPods installation.\" >&2\n    exit 1\nfi\n# This output is used by Xcode 'outputs' to avoid re-running this script phase.\necho \"SUCCESS\" > \"${SCRIPT_OUTPUT_FILE_0}\"\n";
			showEnvVarsInLog = 0;
		};
/* End PBXShellScriptBuildPhase section */

/* Begin PBXSourcesBuildPhase section */
		1419A5322263D6AC00704CF0 /* Sources */ = {
			isa = PBXSourcesBuildPhase;
			buildActionMask = 2147483647;
			files = (
				1419A54F2263D92000704CF0 /* ResultSearchTableView.swift in Sources */,
				1470D6E722677BE200882EA8 /* DataModel.xcdatamodeld in Sources */,
				14760121226917BE00C8E612 /* ApiKeys.swift in Sources */,
				1419A5512263D99100704CF0 /* FavoriteTableView.swift in Sources */,
				143DC3CA22650CEC00F711E8 /* Ingredients.swift in Sources */,
				1419A53C2263D6AC00704CF0 /* IngredientSearchViewController.swift in Sources */,
				1419A5532263D9FC00704CF0 /* RecipeViewController.swift in Sources */,
				1476012D22691A6400C8E612 /* YummlyService.swift in Sources */,
				1476012B22691A1600C8E612 /* YummlySession.swift in Sources */,
				1419A53A2263D6AC00704CF0 /* AppDelegate.swift in Sources */,
				1470D6C62267751800882EA8 /* CategoryFavoriteTableViewController.swift in Sources */,
				14760129226919AF00C8E612 /* YummlyProtocol.swift in Sources */,
				14760123226918E200C8E612 /* Recipe.swift in Sources */,
			);
			runOnlyForDeploymentPostprocessing = 0;
		};
		1473A7CD226908ED00489407 /* Sources */ = {
			isa = PBXSourcesBuildPhase;
			buildActionMask = 2147483647;
			files = (
				14D8A8A8226A2B7100C16C19 /* FakeResponse.swift in Sources */,
				14D8A8B0226A2DB900C16C19 /* YummlyServiceTest.swift in Sources */,
				14D8A8AE226A2C5500C16C19 /* YummlySessionFake.swift in Sources */,
				14D8A8AA226A2B9A00C16C19 /* FakeResponseData.swift in Sources */,
				1473A7DC2269096500489407 /* IngredientsTest.swift in Sources */,
			);
			runOnlyForDeploymentPostprocessing = 0;
		};
/* End PBXSourcesBuildPhase section */

/* Begin PBXTargetDependency section */
		1473A7D7226908ED00489407 /* PBXTargetDependency */ = {
			isa = PBXTargetDependency;
			target = 1419A5352263D6AC00704CF0 /* Reciplease */;
			targetProxy = 1473A7D6226908ED00489407 /* PBXContainerItemProxy */;
		};
/* End PBXTargetDependency section */

/* Begin PBXVariantGroup section */
		1419A53D2263D6AC00704CF0 /* Main.storyboard */ = {
			isa = PBXVariantGroup;
			children = (
				1419A53E2263D6AC00704CF0 /* Base */,
			);
			name = Main.storyboard;
			sourceTree = "<group>";
		};
		1419A5422263D6AD00704CF0 /* LaunchScreen.storyboard */ = {
			isa = PBXVariantGroup;
			children = (
				1419A5432263D6AD00704CF0 /* Base */,
			);
			name = LaunchScreen.storyboard;
			sourceTree = "<group>";
		};
/* End PBXVariantGroup section */

/* Begin XCBuildConfiguration section */
		1419A5462263D6AD00704CF0 /* Debug */ = {
			isa = XCBuildConfiguration;
			buildSettings = {
				ALWAYS_SEARCH_USER_PATHS = NO;
				CLANG_ANALYZER_NONNULL = YES;
				CLANG_ANALYZER_NUMBER_OBJECT_CONVERSION = YES_AGGRESSIVE;
				CLANG_CXX_LANGUAGE_STANDARD = "gnu++14";
				CLANG_CXX_LIBRARY = "libc++";
				CLANG_ENABLE_MODULES = YES;
				CLANG_ENABLE_OBJC_ARC = YES;
				CLANG_ENABLE_OBJC_WEAK = YES;
				CLANG_WARN_BLOCK_CAPTURE_AUTORELEASING = YES;
				CLANG_WARN_BOOL_CONVERSION = YES;
				CLANG_WARN_COMMA = YES;
				CLANG_WARN_CONSTANT_CONVERSION = YES;
				CLANG_WARN_DEPRECATED_OBJC_IMPLEMENTATIONS = YES;
				CLANG_WARN_DIRECT_OBJC_ISA_USAGE = YES_ERROR;
				CLANG_WARN_DOCUMENTATION_COMMENTS = YES;
				CLANG_WARN_EMPTY_BODY = YES;
				CLANG_WARN_ENUM_CONVERSION = YES;
				CLANG_WARN_INFINITE_RECURSION = YES;
				CLANG_WARN_INT_CONVERSION = YES;
				CLANG_WARN_NON_LITERAL_NULL_CONVERSION = YES;
				CLANG_WARN_OBJC_IMPLICIT_RETAIN_SELF = YES;
				CLANG_WARN_OBJC_LITERAL_CONVERSION = YES;
				CLANG_WARN_OBJC_ROOT_CLASS = YES_ERROR;
				CLANG_WARN_RANGE_LOOP_ANALYSIS = YES;
				CLANG_WARN_STRICT_PROTOTYPES = YES;
				CLANG_WARN_SUSPICIOUS_MOVE = YES;
				CLANG_WARN_UNGUARDED_AVAILABILITY = YES_AGGRESSIVE;
				CLANG_WARN_UNREACHABLE_CODE = YES;
				CLANG_WARN__DUPLICATE_METHOD_MATCH = YES;
				CODE_SIGN_IDENTITY = "iPhone Developer";
				COPY_PHASE_STRIP = NO;
				DEBUG_INFORMATION_FORMAT = dwarf;
				ENABLE_STRICT_OBJC_MSGSEND = YES;
				ENABLE_TESTABILITY = YES;
				GCC_C_LANGUAGE_STANDARD = gnu11;
				GCC_DYNAMIC_NO_PIC = NO;
				GCC_NO_COMMON_BLOCKS = YES;
				GCC_OPTIMIZATION_LEVEL = 0;
				GCC_PREPROCESSOR_DEFINITIONS = (
					"DEBUG=1",
					"$(inherited)",
				);
				GCC_WARN_64_TO_32_BIT_CONVERSION = YES;
				GCC_WARN_ABOUT_RETURN_TYPE = YES_ERROR;
				GCC_WARN_UNDECLARED_SELECTOR = YES;
				GCC_WARN_UNINITIALIZED_AUTOS = YES_AGGRESSIVE;
				GCC_WARN_UNUSED_FUNCTION = YES;
				GCC_WARN_UNUSED_VARIABLE = YES;
				IPHONEOS_DEPLOYMENT_TARGET = 12.2;
				MTL_ENABLE_DEBUG_INFO = INCLUDE_SOURCE;
				MTL_FAST_MATH = YES;
				ONLY_ACTIVE_ARCH = YES;
				SDKROOT = iphoneos;
				SWIFT_ACTIVE_COMPILATION_CONDITIONS = DEBUG;
				SWIFT_OPTIMIZATION_LEVEL = "-Onone";
			};
			name = Debug;
		};
		1419A5472263D6AD00704CF0 /* Release */ = {
			isa = XCBuildConfiguration;
			buildSettings = {
				ALWAYS_SEARCH_USER_PATHS = NO;
				CLANG_ANALYZER_NONNULL = YES;
				CLANG_ANALYZER_NUMBER_OBJECT_CONVERSION = YES_AGGRESSIVE;
				CLANG_CXX_LANGUAGE_STANDARD = "gnu++14";
				CLANG_CXX_LIBRARY = "libc++";
				CLANG_ENABLE_MODULES = YES;
				CLANG_ENABLE_OBJC_ARC = YES;
				CLANG_ENABLE_OBJC_WEAK = YES;
				CLANG_WARN_BLOCK_CAPTURE_AUTORELEASING = YES;
				CLANG_WARN_BOOL_CONVERSION = YES;
				CLANG_WARN_COMMA = YES;
				CLANG_WARN_CONSTANT_CONVERSION = YES;
				CLANG_WARN_DEPRECATED_OBJC_IMPLEMENTATIONS = YES;
				CLANG_WARN_DIRECT_OBJC_ISA_USAGE = YES_ERROR;
				CLANG_WARN_DOCUMENTATION_COMMENTS = YES;
				CLANG_WARN_EMPTY_BODY = YES;
				CLANG_WARN_ENUM_CONVERSION = YES;
				CLANG_WARN_INFINITE_RECURSION = YES;
				CLANG_WARN_INT_CONVERSION = YES;
				CLANG_WARN_NON_LITERAL_NULL_CONVERSION = YES;
				CLANG_WARN_OBJC_IMPLICIT_RETAIN_SELF = YES;
				CLANG_WARN_OBJC_LITERAL_CONVERSION = YES;
				CLANG_WARN_OBJC_ROOT_CLASS = YES_ERROR;
				CLANG_WARN_RANGE_LOOP_ANALYSIS = YES;
				CLANG_WARN_STRICT_PROTOTYPES = YES;
				CLANG_WARN_SUSPICIOUS_MOVE = YES;
				CLANG_WARN_UNGUARDED_AVAILABILITY = YES_AGGRESSIVE;
				CLANG_WARN_UNREACHABLE_CODE = YES;
				CLANG_WARN__DUPLICATE_METHOD_MATCH = YES;
				CODE_SIGN_IDENTITY = "iPhone Developer";
				COPY_PHASE_STRIP = NO;
				DEBUG_INFORMATION_FORMAT = "dwarf-with-dsym";
				ENABLE_NS_ASSERTIONS = NO;
				ENABLE_STRICT_OBJC_MSGSEND = YES;
				GCC_C_LANGUAGE_STANDARD = gnu11;
				GCC_NO_COMMON_BLOCKS = YES;
				GCC_WARN_64_TO_32_BIT_CONVERSION = YES;
				GCC_WARN_ABOUT_RETURN_TYPE = YES_ERROR;
				GCC_WARN_UNDECLARED_SELECTOR = YES;
				GCC_WARN_UNINITIALIZED_AUTOS = YES_AGGRESSIVE;
				GCC_WARN_UNUSED_FUNCTION = YES;
				GCC_WARN_UNUSED_VARIABLE = YES;
				IPHONEOS_DEPLOYMENT_TARGET = 12.2;
				MTL_ENABLE_DEBUG_INFO = NO;
				MTL_FAST_MATH = YES;
				SDKROOT = iphoneos;
				SWIFT_COMPILATION_MODE = wholemodule;
				SWIFT_OPTIMIZATION_LEVEL = "-O";
				VALIDATE_PRODUCT = YES;
			};
			name = Release;
		};
		1419A5492263D6AD00704CF0 /* Debug */ = {
			isa = XCBuildConfiguration;
			baseConfigurationReference = F05EE1BDD1E62118F49BC5D6 /* Pods-Reciplease.debug.xcconfig */;
			buildSettings = {
				ASSETCATALOG_COMPILER_APPICON_NAME = AppIcon;
				CODE_SIGN_STYLE = Automatic;
				DEVELOPMENT_TEAM = 7XB8K9T4CZ;
				INFOPLIST_FILE = Reciplease/Info.plist;
				LD_RUNPATH_SEARCH_PATHS = (
					"$(inherited)",
					"@executable_path/Frameworks",
				);
				PRODUCT_BUNDLE_IDENTIFIER = fr.thomasbouges.Reciplease;
				PRODUCT_NAME = "$(TARGET_NAME)";
				SWIFT_VERSION = 5.0;
				TARGETED_DEVICE_FAMILY = "1,2";
			};
			name = Debug;
		};
		1419A54A2263D6AD00704CF0 /* Release */ = {
			isa = XCBuildConfiguration;
			baseConfigurationReference = 1411B1E4EF9E758B7EE02AA7 /* Pods-Reciplease.release.xcconfig */;
			buildSettings = {
				ASSETCATALOG_COMPILER_APPICON_NAME = AppIcon;
				CODE_SIGN_STYLE = Automatic;
				DEVELOPMENT_TEAM = 7XB8K9T4CZ;
				INFOPLIST_FILE = Reciplease/Info.plist;
				LD_RUNPATH_SEARCH_PATHS = (
					"$(inherited)",
					"@executable_path/Frameworks",
				);
				PRODUCT_BUNDLE_IDENTIFIER = fr.thomasbouges.Reciplease;
				PRODUCT_NAME = "$(TARGET_NAME)";
				SWIFT_VERSION = 5.0;
				TARGETED_DEVICE_FAMILY = "1,2";
			};
			name = Release;
		};
		1473A7D8226908ED00489407 /* Debug */ = {
			isa = XCBuildConfiguration;
			baseConfigurationReference = E323E271F932836DEDCB340C /* Pods-RecipleaseTests.debug.xcconfig */;
			buildSettings = {
				BUNDLE_LOADER = "$(TEST_HOST)";
				CODE_SIGN_STYLE = Automatic;
				DEVELOPMENT_TEAM = 7XB8K9T4CZ;
				INFOPLIST_FILE = RecipleaseTests/Info.plist;
				LD_RUNPATH_SEARCH_PATHS = (
					"$(inherited)",
					"@executable_path/Frameworks",
					"@loader_path/Frameworks",
				);
				PRODUCT_BUNDLE_IDENTIFIER = fr.thomasbouges.RecipleaseTests;
				PRODUCT_NAME = "$(TARGET_NAME)";
				SWIFT_VERSION = 5.0;
				TARGETED_DEVICE_FAMILY = "1,2";
				TEST_HOST = "$(BUILT_PRODUCTS_DIR)/Reciplease.app/Reciplease";
			};
			name = Debug;
		};
		1473A7D9226908ED00489407 /* Release */ = {
			isa = XCBuildConfiguration;
			baseConfigurationReference = AD825B613CB48E54BDC20181 /* Pods-RecipleaseTests.release.xcconfig */;
			buildSettings = {
				BUNDLE_LOADER = "$(TEST_HOST)";
				CODE_SIGN_STYLE = Automatic;
				DEVELOPMENT_TEAM = 7XB8K9T4CZ;
				INFOPLIST_FILE = RecipleaseTests/Info.plist;
				LD_RUNPATH_SEARCH_PATHS = (
					"$(inherited)",
					"@executable_path/Frameworks",
					"@loader_path/Frameworks",
				);
				PRODUCT_BUNDLE_IDENTIFIER = fr.thomasbouges.RecipleaseTests;
				PRODUCT_NAME = "$(TARGET_NAME)";
				SWIFT_VERSION = 5.0;
				TARGETED_DEVICE_FAMILY = "1,2";
				TEST_HOST = "$(BUILT_PRODUCTS_DIR)/Reciplease.app/Reciplease";
			};
			name = Release;
		};
/* End XCBuildConfiguration section */

/* Begin XCConfigurationList section */
		1419A5312263D6AC00704CF0 /* Build configuration list for PBXProject "Reciplease" */ = {
			isa = XCConfigurationList;
			buildConfigurations = (
				1419A5462263D6AD00704CF0 /* Debug */,
				1419A5472263D6AD00704CF0 /* Release */,
			);
			defaultConfigurationIsVisible = 0;
			defaultConfigurationName = Release;
		};
		1419A5482263D6AD00704CF0 /* Build configuration list for PBXNativeTarget "Reciplease" */ = {
			isa = XCConfigurationList;
			buildConfigurations = (
				1419A5492263D6AD00704CF0 /* Debug */,
				1419A54A2263D6AD00704CF0 /* Release */,
			);
			defaultConfigurationIsVisible = 0;
			defaultConfigurationName = Release;
		};
		1473A7DA226908ED00489407 /* Build configuration list for PBXNativeTarget "RecipleaseTests" */ = {
			isa = XCConfigurationList;
			buildConfigurations = (
				1473A7D8226908ED00489407 /* Debug */,
				1473A7D9226908ED00489407 /* Release */,
			);
			defaultConfigurationIsVisible = 0;
			defaultConfigurationName = Release;
		};
/* End XCConfigurationList section */

/* Begin XCVersionGroup section */
		1470D6E522677BE200882EA8 /* DataModel.xcdatamodeld */ = {
			isa = XCVersionGroup;
			children = (
				1470D6E622677BE200882EA8 /* DataModel.xcdatamodel */,
			);
			currentVersion = 1470D6E622677BE200882EA8 /* DataModel.xcdatamodel */;
			path = DataModel.xcdatamodeld;
			sourceTree = "<group>";
			versionGroupType = wrapper.xcdatamodel;
		};
/* End XCVersionGroup section */
	};
	rootObject = 1419A52E2263D6AC00704CF0 /* Project object */;
}
